
Microsoft Visual Studio Solution File, Format Version 12.00
# Visual Studio Version 17
VisualStudioVersion = 17.11.35312.102
MinimumVisualStudioVersion = 10.0.40219.1
Project("{9A19103F-16F7-4668-BE54-9A1E7A4F7556}") = "lab-1-miniexplorer", "lab-1-miniexplorer\lab-1-miniexplorer.csproj", "{0DAA6C25-65C4-412E-B712-40DF383966CD}"
EndProject
Project("{FAE04EC0-301F-11D3-BF4B-00C04F79EFBC}") = "lab-2-classes", "lab-2-classes\lab-2-classes.csproj", "{69F24870-08F1-4226-A1DD-AC6907CDF3C5}"
EndProject
Project("{FAE04EC0-301F-11D3-BF4B-00C04F79EFBC}") = "lab-3-example-mvp", "lab-3-example\lab-3-example-mvp.csproj", "{19E7115D-CF71-43D7-BC52-5947182ED8B3}"
EndProject
Project("{FAE04EC0-301F-11D3-BF4B-00C04F79EFBC}") = "lab-3-example-mvvm", "lab-3-example-mvvm\lab-3-example-mvvm.csproj", "{6E7687B1-724F-43EF-BB15-6CA2768BEE3E}"
EndProject
Project("{FAE04EC0-301F-11D3-BF4B-00C04F79EFBC}") = "lab-3-individual-mvp", "lab-3-individual-mvp\lab-3-individual-mvp.csproj", "{202083E4-8812-4B70-8DE1-573CF775C1B9}"
EndProject
Project("{FAE04EC0-301F-11D3-BF4B-00C04F79EFBC}") = "lab-3-mvvm", "lab-3-mvvm\lab-3-mvvm.csproj", "{F1AC3CDC-B9BA-4A4C-B5E9-ACB72E20AAD3}"
EndProject
Global
	GlobalSection(SolutionConfigurationPlatforms) = preSolution
		Debug|Any CPU = Debug|Any CPU
		Release|Any CPU = Release|Any CPU
	EndGlobalSection
	GlobalSection(ProjectConfigurationPlatforms) = postSolution
		{0DAA6C25-65C4-412E-B712-40DF383966CD}.Debug|Any CPU.ActiveCfg = Debug|Any CPU
		{0DAA6C25-65C4-412E-B712-40DF383966CD}.Debug|Any CPU.Build.0 = Debug|Any CPU
		{0DAA6C25-65C4-412E-B712-40DF383966CD}.Release|Any CPU.ActiveCfg = Release|Any CPU
		{0DAA6C25-65C4-412E-B712-40DF383966CD}.Release|Any CPU.Build.0 = Release|Any CPU
		{69F24870-08F1-4226-A1DD-AC6907CDF3C5}.Debug|Any CPU.ActiveCfg = Debug|Any CPU
		{69F24870-08F1-4226-A1DD-AC6907CDF3C5}.Debug|Any CPU.Build.0 = Debug|Any CPU
		{69F24870-08F1-4226-A1DD-AC6907CDF3C5}.Release|Any CPU.ActiveCfg = Release|Any CPU
		{69F24870-08F1-4226-A1DD-AC6907CDF3C5}.Release|Any CPU.Build.0 = Release|Any CPU
		{19E7115D-CF71-43D7-BC52-5947182ED8B3}.Debug|Any CPU.ActiveCfg = Debug|Any CPU
		{19E7115D-CF71-43D7-BC52-5947182ED8B3}.Debug|Any CPU.Build.0 = Debug|Any CPU
		{19E7115D-CF71-43D7-BC52-5947182ED8B3}.Release|Any CPU.ActiveCfg = Release|Any CPU
		{19E7115D-CF71-43D7-BC52-5947182ED8B3}.Release|Any CPU.Build.0 = Release|Any CPU
		{6E7687B1-724F-43EF-BB15-6CA2768BEE3E}.Debug|Any CPU.ActiveCfg = Debug|Any CPU
		{6E7687B1-724F-43EF-BB15-6CA2768BEE3E}.Debug|Any CPU.Build.0 = Debug|Any CPU
		{6E7687B1-724F-43EF-BB15-6CA2768BEE3E}.Release|Any CPU.ActiveCfg = Release|Any CPU
		{6E7687B1-724F-43EF-BB15-6CA2768BEE3E}.Release|Any CPU.Build.0 = Release|Any CPU
		{202083E4-8812-4B70-8DE1-573CF775C1B9}.Debug|Any CPU.ActiveCfg = Debug|Any CPU
		{202083E4-8812-4B70-8DE1-573CF775C1B9}.Debug|Any CPU.Build.0 = Debug|Any CPU
		{202083E4-8812-4B70-8DE1-573CF775C1B9}.Release|Any CPU.ActiveCfg = Release|Any CPU
		{202083E4-8812-4B70-8DE1-573CF775C1B9}.Release|Any CPU.Build.0 = Release|Any CPU
		{F1AC3CDC-B9BA-4A4C-B5E9-ACB72E20AAD3}.Debug|Any CPU.ActiveCfg = Debug|Any CPU
		{F1AC3CDC-B9BA-4A4C-B5E9-ACB72E20AAD3}.Debug|Any CPU.Build.0 = Debug|Any CPU
		{F1AC3CDC-B9BA-4A4C-B5E9-ACB72E20AAD3}.Release|Any CPU.ActiveCfg = Release|Any CPU
		{F1AC3CDC-B9BA-4A4C-B5E9-ACB72E20AAD3}.Release|Any CPU.Build.0 = Release|Any CPU
	EndGlobalSection
	GlobalSection(SolutionProperties) = preSolution
		HideSolutionNode = FALSE
	EndGlobalSection
	GlobalSection(ExtensibilityGlobals) = postSolution
		SolutionGuid = {27E31B27-D8F8-46F3-889B-D477D38F35BF}
	EndGlobalSection
EndGlobal
