
Microsoft Visual Studio Solution File, Format Version 12.00
# Visual Studio Version 17
VisualStudioVersion = 17.11.35312.102
MinimumVisualStudioVersion = 10.0.40219.1
Project("{FAE04EC0-301F-11D3-BF4B-00C04F79EFBC}") = "lab-1-miniexplorer", "lab-1-miniexplorer\lab-1-miniexplorer.csproj", "{0DAA6C25-65C4-412E-B712-40DF383966CD}"
EndProject
Global
	GlobalSection(SolutionConfigurationPlatforms) = preSolution
		Debug|Any CPU = Debug|Any CPU
		Release|Any CPU = Release|Any CPU
	EndGlobalSection
	GlobalSection(ProjectConfigurationPlatforms) = postSolution
		{0DAA6C25-65C4-412E-B712-40DF383966CD}.Debug|Any CPU.ActiveCfg = Debug|Any CPU
		{0DAA6C25-65C4-412E-B712-40DF383966CD}.Debug|Any CPU.Build.0 = Debug|Any CPU
		{0DAA6C25-65C4-412E-B712-40DF383966CD}.Release|Any CPU.ActiveCfg = Release|Any CPU
		{0DAA6C25-65C4-412E-B712-40DF383966CD}.Release|Any CPU.Build.0 = Release|Any CPU
	EndGlobalSection
	GlobalSection(SolutionProperties) = preSolution
		HideSolutionNode = FALSE
	EndGlobalSection
	GlobalSection(ExtensibilityGlobals) = postSolution
		SolutionGuid = {27E31B27-D8F8-46F3-889B-D477D38F35BF}
	EndGlobalSection
EndGlobal
